
Microsoft Visual Studio Solution File, Format Version 12.00
# Visual Studio Version 17
VisualStudioVersion = 17.10.35013.160
MinimumVisualStudioVersion = 10.0.40219.1
Project("{8BC9CEB8-8B4A-11D0-8D11-00A0C91BC942}") = "Codsoft_project1", "Codsoft_project1\Codsoft_project1.vcxproj", "{28EBDF5F-71AA-412F-89BF-D949DB14FC40}"
EndProject
Global
	GlobalSection(SolutionConfigurationPlatforms) = preSolution
		Debug|x64 = Debug|x64
		Debug|x86 = Debug|x86
		Release|x64 = Release|x64
		Release|x86 = Release|x86
	EndGlobalSection
	GlobalSection(ProjectConfigurationPlatforms) = postSolution
		{28EBDF5F-71AA-412F-89BF-D949DB14FC40}.Debug|x64.ActiveCfg = Debug|x64
		{28EBDF5F-71AA-412F-89BF-D949DB14FC40}.Debug|x64.Build.0 = Debug|x64
		{28EBDF5F-71AA-412F-89BF-D949DB14FC40}.Debug|x86.ActiveCfg = Debug|Win32
		{28EBDF5F-71AA-412F-89BF-D949DB14FC40}.Debug|x86.Build.0 = Debug|Win32
		{28EBDF5F-71AA-412F-89BF-D949DB14FC40}.Release|x64.ActiveCfg = Release|x64
		{28EBDF5F-71AA-412F-89BF-D949DB14FC40}.Release|x64.Build.0 = Release|x64
		{28EBDF5F-71AA-412F-89BF-D949DB14FC40}.Release|x86.ActiveCfg = Release|Win32
		{28EBDF5F-71AA-412F-89BF-D949DB14FC40}.Release|x86.Build.0 = Release|Win32
	EndGlobalSection
	GlobalSection(SolutionProperties) = preSolution
		HideSolutionNode = FALSE
	EndGlobalSection
	GlobalSection(ExtensibilityGlobals) = postSolution
		SolutionGuid = {AB3C20C5-09E2-40E8-8D6C-784896E1CBAC}
	EndGlobalSection
EndGlobal
